
Microsoft Visual Studio Solution File, Format Version 12.00
Project("{FAE04EC0-301F-11D3-BF4B-00C04F79EFBC}") = "InfluxDb.Torch", "InfluxDb.Torch\InfluxDb.Torch.csproj", "{7051E91B-F82C-4104-A5EA-FE4994B00774}"
EndProject
Project("{FAE04EC0-301F-11D3-BF4B-00C04F79EFBC}") = "InfluxDb.Client", "InfluxDb.Client\InfluxDb.Client.csproj", "{918B30B1-4ADC-4E41-B33E-3019361398F7}"
EndProject
Project("{FAE04EC0-301F-11D3-BF4B-00C04F79EFBC}") = "InfluxDb.Test", "InfluxDb.Test\InfluxDb.Test.csproj", "{D4DD8C49-986E-47E8-B91F-53CF1A766000}"
EndProject
Project("{D954291E-2A0B-460D-934E-DC6B0785DB48}") = "Utils.General", "TorchUtils\Utils.General\Utils.General.shproj", "{4E4B3282-B361-4E86-B971-059EFF657677}"
EndProject
Project("{D954291E-2A0B-460D-934E-DC6B0785DB48}") = "Utils.Torch", "TorchUtils\Utils.Torch\Utils.Torch.shproj", "{27569BFC-809F-4253-8959-78107741620D}"
EndProject
Global
	GlobalSection(SolutionConfigurationPlatforms) = preSolution
		Release|x64 = Release|x64
		Debug|x64 = Debug|x64
	EndGlobalSection
	GlobalSection(ProjectConfigurationPlatforms) = postSolution
		{918B30B1-4ADC-4E41-B33E-3019361398F7}.Release|x64.ActiveCfg = Release|x64
		{918B30B1-4ADC-4E41-B33E-3019361398F7}.Release|x64.Build.0 = Release|x64
		{918B30B1-4ADC-4E41-B33E-3019361398F7}.Debug|x64.ActiveCfg = Debug|x64
		{918B30B1-4ADC-4E41-B33E-3019361398F7}.Debug|x64.Build.0 = Debug|x64
		{D4DD8C49-986E-47E8-B91F-53CF1A766000}.Release|x64.ActiveCfg = Release|x64
		{D4DD8C49-986E-47E8-B91F-53CF1A766000}.Release|x64.Build.0 = Release|x64
		{D4DD8C49-986E-47E8-B91F-53CF1A766000}.Debug|x64.ActiveCfg = Debug|x64
		{D4DD8C49-986E-47E8-B91F-53CF1A766000}.Debug|x64.Build.0 = Debug|x64
		{7051E91B-F82C-4104-A5EA-FE4994B00774}.Release|x64.ActiveCfg = Release|x64
		{7051E91B-F82C-4104-A5EA-FE4994B00774}.Release|x64.Build.0 = Release|x64
		{7051E91B-F82C-4104-A5EA-FE4994B00774}.Debug|x64.ActiveCfg = Debug|x64
		{7051E91B-F82C-4104-A5EA-FE4994B00774}.Debug|x64.Build.0 = Debug|x64
		{4E4B3282-B361-4E86-B971-059EFF657677}.Release|x64.ActiveCfg = Release|x64
		{4E4B3282-B361-4E86-B971-059EFF657677}.Release|x64.Build.0 = Release|x64
		{4E4B3282-B361-4E86-B971-059EFF657677}.Debug|x64.ActiveCfg = Debug|x64
		{4E4B3282-B361-4E86-B971-059EFF657677}.Debug|x64.Build.0 = Debug|x64
		{27569BFC-809F-4253-8959-78107741620D}.Release|x64.ActiveCfg = Release|x64
		{27569BFC-809F-4253-8959-78107741620D}.Release|x64.Build.0 = Release|x64
		{27569BFC-809F-4253-8959-78107741620D}.Debug|x64.ActiveCfg = Debug|x64
		{27569BFC-809F-4253-8959-78107741620D}.Debug|x64.Build.0 = Debug|x64
	EndGlobalSection
EndGlobal
